
Microsoft Visual Studio Solution File, Format Version 12.00
# Visual Studio Version 17
VisualStudioVersion = 17.9.34723.18
MinimumVisualStudioVersion = 10.0.40219.1
Project("{FAE04EC0-301F-11D3-BF4B-00C04F79EFBC}") = "Task1", "Task1.csproj", "{8F315610-034D-498E-8173-081364D556B8}"
EndProject
Project("{FAE04EC0-301F-11D3-BF4B-00C04F79EFBC}") = "Task2", "..\Task2\Task2.csproj", "{93A57562-C643-49FF-8CBC-EAFD5D4C8516}"
EndProject
Project("{FAE04EC0-301F-11D3-BF4B-00C04F79EFBC}") = "Task3", "..\Task3\Task3.csproj", "{3B670996-7EA3-4A09-AEEA-D7705EE1FD7C}"
EndProject
Global
	GlobalSection(SolutionConfigurationPlatforms) = preSolution
		Debug|Any CPU = Debug|Any CPU
		Release|Any CPU = Release|Any CPU
	EndGlobalSection
	GlobalSection(ProjectConfigurationPlatforms) = postSolution
		{8F315610-034D-498E-8173-081364D556B8}.Debug|Any CPU.ActiveCfg = Debug|Any CPU
		{8F315610-034D-498E-8173-081364D556B8}.Debug|Any CPU.Build.0 = Debug|Any CPU
		{8F315610-034D-498E-8173-081364D556B8}.Release|Any CPU.ActiveCfg = Release|Any CPU
		{8F315610-034D-498E-8173-081364D556B8}.Release|Any CPU.Build.0 = Release|Any CPU
		{93A57562-C643-49FF-8CBC-EAFD5D4C8516}.Debug|Any CPU.ActiveCfg = Debug|Any CPU
		{93A57562-C643-49FF-8CBC-EAFD5D4C8516}.Debug|Any CPU.Build.0 = Debug|Any CPU
		{93A57562-C643-49FF-8CBC-EAFD5D4C8516}.Release|Any CPU.ActiveCfg = Release|Any CPU
		{93A57562-C643-49FF-8CBC-EAFD5D4C8516}.Release|Any CPU.Build.0 = Release|Any CPU
		{3B670996-7EA3-4A09-AEEA-D7705EE1FD7C}.Debug|Any CPU.ActiveCfg = Debug|Any CPU
		{3B670996-7EA3-4A09-AEEA-D7705EE1FD7C}.Debug|Any CPU.Build.0 = Debug|Any CPU
		{3B670996-7EA3-4A09-AEEA-D7705EE1FD7C}.Release|Any CPU.ActiveCfg = Release|Any CPU
		{3B670996-7EA3-4A09-AEEA-D7705EE1FD7C}.Release|Any CPU.Build.0 = Release|Any CPU
	EndGlobalSection
	GlobalSection(SolutionProperties) = preSolution
		HideSolutionNode = FALSE
	EndGlobalSection
	GlobalSection(ExtensibilityGlobals) = postSolution
		SolutionGuid = {F05815B8-62DF-48E0-AB3A-7DEBC66DA82E}
	EndGlobalSection
EndGlobal
