
Microsoft Visual Studio Solution File, Format Version 12.00
# Visual Studio Version 17
VisualStudioVersion = 17.9.34723.18
MinimumVisualStudioVersion = 10.0.40219.1
Project("{FAE04EC0-301F-11D3-BF4B-00C04F79EFBC}") = "C#_Day2", "C#_Day2.csproj", "{DFBC3DB1-849C-4FE3-8BB3-DAB4752B4829}"
EndProject
Global
	GlobalSection(SolutionConfigurationPlatforms) = preSolution
		Debug|Any CPU = Debug|Any CPU
		Release|Any CPU = Release|Any CPU
	EndGlobalSection
	GlobalSection(ProjectConfigurationPlatforms) = postSolution
		{DFBC3DB1-849C-4FE3-8BB3-DAB4752B4829}.Debug|Any CPU.ActiveCfg = Debug|Any CPU
		{DFBC3DB1-849C-4FE3-8BB3-DAB4752B4829}.Debug|Any CPU.Build.0 = Debug|Any CPU
		{DFBC3DB1-849C-4FE3-8BB3-DAB4752B4829}.Release|Any CPU.ActiveCfg = Release|Any CPU
		{DFBC3DB1-849C-4FE3-8BB3-DAB4752B4829}.Release|Any CPU.Build.0 = Release|Any CPU
	EndGlobalSection
	GlobalSection(SolutionProperties) = preSolution
		HideSolutionNode = FALSE
	EndGlobalSection
	GlobalSection(ExtensibilityGlobals) = postSolution
		SolutionGuid = {73758855-ABD0-452B-B712-393F5EB93426}
	EndGlobalSection
EndGlobal
